
Microsoft Visual Studio Solution File, Format Version 12.00
# Visual Studio 15
VisualStudioVersion = 15.0.28307.1259
MinimumVisualStudioVersion = 10.0.40219.1
Project("{8BC9CEB8-8B4A-11D0-8D11-00A0C91BC942}") = "ForwardList", "ForwardList\ForwardList.vcxproj", "{1AC91C19-C7A1-41AE-9322-D2A3A0A5F2D4}"
EndProject
Project("{8BC9CEB8-8B4A-11D0-8D11-00A0C91BC942}") = "List", "List\List.vcxproj", "{3A909F14-652D-47C3-B4B2-69CB99B3ACD9}"
EndProject
Project("{8BC9CEB8-8B4A-11D0-8D11-00A0C91BC942}") = "BinaryTree", "BinaryTree\BinaryTree.vcxproj", "{70E54AE6-1FFA-4CCF-AEC5-6B71F6F3AA11}"
EndProject
Global
	GlobalSection(SolutionConfigurationPlatforms) = preSolution
		Debug|x64 = Debug|x64
		Debug|x86 = Debug|x86
		Release|x64 = Release|x64
		Release|x86 = Release|x86
	EndGlobalSection
	GlobalSection(ProjectConfigurationPlatforms) = postSolution
		{1AC91C19-C7A1-41AE-9322-D2A3A0A5F2D4}.Debug|x64.ActiveCfg = Debug|x64
		{1AC91C19-C7A1-41AE-9322-D2A3A0A5F2D4}.Debug|x64.Build.0 = Debug|x64
		{1AC91C19-C7A1-41AE-9322-D2A3A0A5F2D4}.Debug|x86.ActiveCfg = Debug|Win32
		{1AC91C19-C7A1-41AE-9322-D2A3A0A5F2D4}.Debug|x86.Build.0 = Debug|Win32
		{1AC91C19-C7A1-41AE-9322-D2A3A0A5F2D4}.Release|x64.ActiveCfg = Release|x64
		{1AC91C19-C7A1-41AE-9322-D2A3A0A5F2D4}.Release|x64.Build.0 = Release|x64
		{1AC91C19-C7A1-41AE-9322-D2A3A0A5F2D4}.Release|x86.ActiveCfg = Release|Win32
		{1AC91C19-C7A1-41AE-9322-D2A3A0A5F2D4}.Release|x86.Build.0 = Release|Win32
		{3A909F14-652D-47C3-B4B2-69CB99B3ACD9}.Debug|x64.ActiveCfg = Debug|x64
		{3A909F14-652D-47C3-B4B2-69CB99B3ACD9}.Debug|x64.Build.0 = Debug|x64
		{3A909F14-652D-47C3-B4B2-69CB99B3ACD9}.Debug|x86.ActiveCfg = Debug|Win32
		{3A909F14-652D-47C3-B4B2-69CB99B3ACD9}.Debug|x86.Build.0 = Debug|Win32
		{3A909F14-652D-47C3-B4B2-69CB99B3ACD9}.Release|x64.ActiveCfg = Release|x64
		{3A909F14-652D-47C3-B4B2-69CB99B3ACD9}.Release|x64.Build.0 = Release|x64
		{3A909F14-652D-47C3-B4B2-69CB99B3ACD9}.Release|x86.ActiveCfg = Release|Win32
		{3A909F14-652D-47C3-B4B2-69CB99B3ACD9}.Release|x86.Build.0 = Release|Win32
		{70E54AE6-1FFA-4CCF-AEC5-6B71F6F3AA11}.Debug|x64.ActiveCfg = Debug|x64
		{70E54AE6-1FFA-4CCF-AEC5-6B71F6F3AA11}.Debug|x64.Build.0 = Debug|x64
		{70E54AE6-1FFA-4CCF-AEC5-6B71F6F3AA11}.Debug|x86.ActiveCfg = Debug|Win32
		{70E54AE6-1FFA-4CCF-AEC5-6B71F6F3AA11}.Debug|x86.Build.0 = Debug|Win32
		{70E54AE6-1FFA-4CCF-AEC5-6B71F6F3AA11}.Release|x64.ActiveCfg = Release|x64
		{70E54AE6-1FFA-4CCF-AEC5-6B71F6F3AA11}.Release|x64.Build.0 = Release|x64
		{70E54AE6-1FFA-4CCF-AEC5-6B71F6F3AA11}.Release|x86.ActiveCfg = Release|Win32
		{70E54AE6-1FFA-4CCF-AEC5-6B71F6F3AA11}.Release|x86.Build.0 = Release|Win32
	EndGlobalSection
	GlobalSection(SolutionProperties) = preSolution
		HideSolutionNode = FALSE
	EndGlobalSection
	GlobalSection(ExtensibilityGlobals) = postSolution
		SolutionGuid = {BF9366EC-788F-41D5-901A-3B2D7052E41A}
	EndGlobalSection
EndGlobal
